
Microsoft Visual Studio Solution File, Format Version 12.00
# Visual Studio Version 16
VisualStudioVersion = 16.0.29020.237
MinimumVisualStudioVersion = 10.0.40219.1
Project("{9A19103F-16F7-4668-BE54-9A1E7A4F7556}") = "ConsoleAppPinger", "ConsoleAppPinger\ConsoleAppPinger.csproj", "{F83A5236-C77A-427D-A064-6D1B05C960C1}"
EndProject
Project("{FAE04EC0-301F-11D3-BF4B-00C04F79EFBC}") = "PingerTests", "PingerTests\PingerTests.csproj", "{0FF457BA-1AAF-4C95-A470-9C01B7806E8E}"
EndProject
Global
	GlobalSection(SolutionConfigurationPlatforms) = preSolution
		Debug|Any CPU = Debug|Any CPU
		Release|Any CPU = Release|Any CPU
	EndGlobalSection
	GlobalSection(ProjectConfigurationPlatforms) = postSolution
		{F83A5236-C77A-427D-A064-6D1B05C960C1}.Debug|Any CPU.ActiveCfg = Debug|Any CPU
		{F83A5236-C77A-427D-A064-6D1B05C960C1}.Debug|Any CPU.Build.0 = Debug|Any CPU
		{F83A5236-C77A-427D-A064-6D1B05C960C1}.Release|Any CPU.ActiveCfg = Release|Any CPU
		{F83A5236-C77A-427D-A064-6D1B05C960C1}.Release|Any CPU.Build.0 = Release|Any CPU
		{0FF457BA-1AAF-4C95-A470-9C01B7806E8E}.Debug|Any CPU.ActiveCfg = Debug|Any CPU
		{0FF457BA-1AAF-4C95-A470-9C01B7806E8E}.Debug|Any CPU.Build.0 = Debug|Any CPU
		{0FF457BA-1AAF-4C95-A470-9C01B7806E8E}.Release|Any CPU.ActiveCfg = Release|Any CPU
		{0FF457BA-1AAF-4C95-A470-9C01B7806E8E}.Release|Any CPU.Build.0 = Release|Any CPU
	EndGlobalSection
	GlobalSection(SolutionProperties) = preSolution
		HideSolutionNode = FALSE
	EndGlobalSection
	GlobalSection(ExtensibilityGlobals) = postSolution
		SolutionGuid = {9B6D5FBB-78BE-4DDA-BAB4-D07BAC51DA79}
	EndGlobalSection
EndGlobal
