
Microsoft Visual Studio Solution File, Format Version 12.00
# Visual Studio Version 16
VisualStudioVersion = 16.0.29020.237
MinimumVisualStudioVersion = 10.0.40219.1
Project("{FAE04EC0-301F-11D3-BF4B-00C04F79EFBC}") = "ConsoleAppIEnumerable_5", "ConsoleAppIEnumerable_5\ConsoleAppIEnumerable_5.csproj", "{F516ECE3-F79C-455C-9D3D-3A81667ED37C}"
EndProject
Global
	GlobalSection(SolutionConfigurationPlatforms) = preSolution
		Debug|Any CPU = Debug|Any CPU
		Release|Any CPU = Release|Any CPU
	EndGlobalSection
	GlobalSection(ProjectConfigurationPlatforms) = postSolution
		{F516ECE3-F79C-455C-9D3D-3A81667ED37C}.Debug|Any CPU.ActiveCfg = Debug|Any CPU
		{F516ECE3-F79C-455C-9D3D-3A81667ED37C}.Debug|Any CPU.Build.0 = Debug|Any CPU
		{F516ECE3-F79C-455C-9D3D-3A81667ED37C}.Release|Any CPU.ActiveCfg = Release|Any CPU
		{F516ECE3-F79C-455C-9D3D-3A81667ED37C}.Release|Any CPU.Build.0 = Release|Any CPU
	EndGlobalSection
	GlobalSection(SolutionProperties) = preSolution
		HideSolutionNode = FALSE
	EndGlobalSection
	GlobalSection(ExtensibilityGlobals) = postSolution
		SolutionGuid = {F50D7E9D-8AF2-4864-882A-2A9A6BD4025B}
	EndGlobalSection
EndGlobal
