
Microsoft Visual Studio Solution File, Format Version 12.00
# Visual Studio Version 16
VisualStudioVersion = 16.0.29020.237
MinimumVisualStudioVersion = 10.0.40219.1
Project("{FAE04EC0-301F-11D3-BF4B-00C04F79EFBC}") = "ConsoleAppThread_Task2_14", "ConsoleAppThread_Task2_14\ConsoleAppThread_Task2_14.csproj", "{615E71AE-E82F-4A2C-A885-6B5B52F7A98F}"
EndProject
Global
	GlobalSection(SolutionConfigurationPlatforms) = preSolution
		Debug|Any CPU = Debug|Any CPU
		Release|Any CPU = Release|Any CPU
	EndGlobalSection
	GlobalSection(ProjectConfigurationPlatforms) = postSolution
		{615E71AE-E82F-4A2C-A885-6B5B52F7A98F}.Debug|Any CPU.ActiveCfg = Debug|Any CPU
		{615E71AE-E82F-4A2C-A885-6B5B52F7A98F}.Debug|Any CPU.Build.0 = Debug|Any CPU
		{615E71AE-E82F-4A2C-A885-6B5B52F7A98F}.Release|Any CPU.ActiveCfg = Release|Any CPU
		{615E71AE-E82F-4A2C-A885-6B5B52F7A98F}.Release|Any CPU.Build.0 = Release|Any CPU
	EndGlobalSection
	GlobalSection(SolutionProperties) = preSolution
		HideSolutionNode = FALSE
	EndGlobalSection
	GlobalSection(ExtensibilityGlobals) = postSolution
		SolutionGuid = {481AC7C9-558C-4D61-9129-33D607AD7C41}
	EndGlobalSection
EndGlobal
